
Microsoft Visual Studio Solution File, Format Version 12.00
# Visual Studio Version 16
VisualStudioVersion = 16.0.30523.141
MinimumVisualStudioVersion = 10.0.40219.1
Project("{FAE04EC0-301F-11D3-BF4B-00C04F79EFBC}") = "Snake Game", "Snake Game\Snake Game.csproj", "{3D1BCF95-941F-4049-A502-33B63816F09B}"
EndProject
Global
	GlobalSection(SolutionConfigurationPlatforms) = preSolution
		Debug|Any CPU = Debug|Any CPU
		Release|Any CPU = Release|Any CPU
	EndGlobalSection
	GlobalSection(ProjectConfigurationPlatforms) = postSolution
		{3D1BCF95-941F-4049-A502-33B63816F09B}.Debug|Any CPU.ActiveCfg = Debug|Any CPU
		{3D1BCF95-941F-4049-A502-33B63816F09B}.Debug|Any CPU.Build.0 = Debug|Any CPU
		{3D1BCF95-941F-4049-A502-33B63816F09B}.Release|Any CPU.ActiveCfg = Release|Any CPU
		{3D1BCF95-941F-4049-A502-33B63816F09B}.Release|Any CPU.Build.0 = Release|Any CPU
	EndGlobalSection
	GlobalSection(SolutionProperties) = preSolution
		HideSolutionNode = FALSE
	EndGlobalSection
	GlobalSection(ExtensibilityGlobals) = postSolution
		SolutionGuid = {F4621584-71CD-4D54-89AF-D7EE0F297EAF}
	EndGlobalSection
EndGlobal
